
Microsoft Visual Studio Solution File, Format Version 12.00
# Visual Studio Version 17
VisualStudioVersion = 17.7.34024.191
MinimumVisualStudioVersion = 10.0.40219.1
Project("{FAE04EC0-301F-11D3-BF4B-00C04F79EFBC}") = "Week4Loops", "Week4Loops\Week4Loops.csproj", "{624672B6-6303-484B-AB94-AC010F5221F9}"
EndProject
Project("{FAE04EC0-301F-11D3-BF4B-00C04F79EFBC}") = "ForLoopSum", "ForLoopSum\ForLoopSum.csproj", "{106C6665-72DD-4501-B6B1-F7CF60EA5760}"
EndProject
Project("{FAE04EC0-301F-11D3-BF4B-00C04F79EFBC}") = "RandomNumber", "RandomNumber\RandomNumber.csproj", "{76A96D93-D9BF-4E9E-B0AB-04812FB9C895}"
EndProject
Project("{FAE04EC0-301F-11D3-BF4B-00C04F79EFBC}") = "WhileLoops", "WhileLoops\WhileLoops.csproj", "{7F555F7D-A226-4FE5-ADC9-1A5B3D77AACF}"
EndProject
Global
	GlobalSection(SolutionConfigurationPlatforms) = preSolution
		Debug|Any CPU = Debug|Any CPU
		Release|Any CPU = Release|Any CPU
	EndGlobalSection
	GlobalSection(ProjectConfigurationPlatforms) = postSolution
		{624672B6-6303-484B-AB94-AC010F5221F9}.Debug|Any CPU.ActiveCfg = Debug|Any CPU
		{624672B6-6303-484B-AB94-AC010F5221F9}.Debug|Any CPU.Build.0 = Debug|Any CPU
		{624672B6-6303-484B-AB94-AC010F5221F9}.Release|Any CPU.ActiveCfg = Release|Any CPU
		{624672B6-6303-484B-AB94-AC010F5221F9}.Release|Any CPU.Build.0 = Release|Any CPU
		{106C6665-72DD-4501-B6B1-F7CF60EA5760}.Debug|Any CPU.ActiveCfg = Debug|Any CPU
		{106C6665-72DD-4501-B6B1-F7CF60EA5760}.Debug|Any CPU.Build.0 = Debug|Any CPU
		{106C6665-72DD-4501-B6B1-F7CF60EA5760}.Release|Any CPU.ActiveCfg = Release|Any CPU
		{106C6665-72DD-4501-B6B1-F7CF60EA5760}.Release|Any CPU.Build.0 = Release|Any CPU
		{76A96D93-D9BF-4E9E-B0AB-04812FB9C895}.Debug|Any CPU.ActiveCfg = Debug|Any CPU
		{76A96D93-D9BF-4E9E-B0AB-04812FB9C895}.Debug|Any CPU.Build.0 = Debug|Any CPU
		{76A96D93-D9BF-4E9E-B0AB-04812FB9C895}.Release|Any CPU.ActiveCfg = Release|Any CPU
		{76A96D93-D9BF-4E9E-B0AB-04812FB9C895}.Release|Any CPU.Build.0 = Release|Any CPU
		{7F555F7D-A226-4FE5-ADC9-1A5B3D77AACF}.Debug|Any CPU.ActiveCfg = Debug|Any CPU
		{7F555F7D-A226-4FE5-ADC9-1A5B3D77AACF}.Debug|Any CPU.Build.0 = Debug|Any CPU
		{7F555F7D-A226-4FE5-ADC9-1A5B3D77AACF}.Release|Any CPU.ActiveCfg = Release|Any CPU
		{7F555F7D-A226-4FE5-ADC9-1A5B3D77AACF}.Release|Any CPU.Build.0 = Release|Any CPU
	EndGlobalSection
	GlobalSection(SolutionProperties) = preSolution
		HideSolutionNode = FALSE
	EndGlobalSection
	GlobalSection(ExtensibilityGlobals) = postSolution
		SolutionGuid = {9FEF9D6E-B213-4C32-858B-AE4D67A3991A}
	EndGlobalSection
EndGlobal
